
Microsoft Visual Studio Solution File, Format Version 12.00
Project("{FAE04EC0-301F-11D3-BF4B-00C04F79EFBC}") = "AnimalShelter", "AnimalShelter\AnimalShelter.csproj", "{EB47A26D-E88B-444D-8552-77C24D49DD44}"
EndProject
Global
	GlobalSection(SolutionConfigurationPlatforms) = preSolution
		Debug|Any CPU = Debug|Any CPU
		Release|Any CPU = Release|Any CPU
	EndGlobalSection
	GlobalSection(ProjectConfigurationPlatforms) = postSolution
		{EB47A26D-E88B-444D-8552-77C24D49DD44}.Debug|Any CPU.ActiveCfg = Debug|Any CPU
		{EB47A26D-E88B-444D-8552-77C24D49DD44}.Debug|Any CPU.Build.0 = Debug|Any CPU
		{EB47A26D-E88B-444D-8552-77C24D49DD44}.Release|Any CPU.ActiveCfg = Release|Any CPU
		{EB47A26D-E88B-444D-8552-77C24D49DD44}.Release|Any CPU.Build.0 = Release|Any CPU
	EndGlobalSection
EndGlobal
